
Microsoft Visual Studio Solution File, Format Version 12.00
# Visual Studio Version 17
VisualStudioVersion = 17.2.32526.322
MinimumVisualStudioVersion = 10.0.40219.1
Project("{FAE04EC0-301F-11D3-BF4B-00C04F79EFBC}") = "MvcCorePaginacionRegistros2023", "MvcCorePaginacionRegistros2023\MvcCorePaginacionRegistros2023.csproj", "{987D75F7-A4AB-4FD9-BA9A-DED94243A95C}"
EndProject
Global
	GlobalSection(SolutionConfigurationPlatforms) = preSolution
		Debug|Any CPU = Debug|Any CPU
		Release|Any CPU = Release|Any CPU
	EndGlobalSection
	GlobalSection(ProjectConfigurationPlatforms) = postSolution
		{987D75F7-A4AB-4FD9-BA9A-DED94243A95C}.Debug|Any CPU.ActiveCfg = Debug|Any CPU
		{987D75F7-A4AB-4FD9-BA9A-DED94243A95C}.Debug|Any CPU.Build.0 = Debug|Any CPU
		{987D75F7-A4AB-4FD9-BA9A-DED94243A95C}.Release|Any CPU.ActiveCfg = Release|Any CPU
		{987D75F7-A4AB-4FD9-BA9A-DED94243A95C}.Release|Any CPU.Build.0 = Release|Any CPU
	EndGlobalSection
	GlobalSection(SolutionProperties) = preSolution
		HideSolutionNode = FALSE
	EndGlobalSection
	GlobalSection(ExtensibilityGlobals) = postSolution
		SolutionGuid = {E870931E-F138-4918-BA42-90B2BFE1D4E5}
	EndGlobalSection
EndGlobal
